
Microsoft Visual Studio Solution File, Format Version 12.00
# Visual Studio Version 17
VisualStudioVersion = 17.2.32630.192
MinimumVisualStudioVersion = 10.0.40219.1
Project("{9A19103F-16F7-4668-BE54-9A1E7A4F7556}") = "Macro Deck 2", "Macro Deck 2.csproj", "{C1D49759-FDED-47E9-9DA4-8045E809118A}"
EndProject
Global
	GlobalSection(SolutionConfigurationPlatforms) = preSolution
		Debug|Any CPU = Debug|Any CPU
		Debug|x64 = Debug|x64
		Release|Any CPU = Release|Any CPU
		Release|x64 = Release|x64
	EndGlobalSection
	GlobalSection(ProjectConfigurationPlatforms) = postSolution
		{C1D49759-FDED-47E9-9DA4-8045E809118A}.Debug|Any CPU.ActiveCfg = Debug|Any CPU
		{C1D49759-FDED-47E9-9DA4-8045E809118A}.Debug|Any CPU.Build.0 = Debug|Any CPU
		{C1D49759-FDED-47E9-9DA4-8045E809118A}.Debug|x64.ActiveCfg = Debug|x64
		{C1D49759-FDED-47E9-9DA4-8045E809118A}.Debug|x64.Build.0 = Debug|x64
		{C1D49759-FDED-47E9-9DA4-8045E809118A}.Release|Any CPU.ActiveCfg = Release|Any CPU
		{C1D49759-FDED-47E9-9DA4-8045E809118A}.Release|Any CPU.Build.0 = Release|Any CPU
		{C1D49759-FDED-47E9-9DA4-8045E809118A}.Release|x64.ActiveCfg = Release|x64
		{C1D49759-FDED-47E9-9DA4-8045E809118A}.Release|x64.Build.0 = Release|x64
	EndGlobalSection
	GlobalSection(SolutionProperties) = preSolution
		HideSolutionNode = FALSE
	EndGlobalSection
	GlobalSection(ExtensibilityGlobals) = postSolution
		SolutionGuid = {5666FA7B-EA43-4222-9EA4-09431A0B3C16}
	EndGlobalSection
EndGlobal
