
Microsoft Visual Studio Solution File, Format Version 12.00
# Visual Studio Version 17
VisualStudioVersion = 17.3.32811.315
MinimumVisualStudioVersion = 10.0.40219.1
Project("{9A19103F-16F7-4668-BE54-9A1E7A4F7556}") = "MacroDeck", "MacroDeck\MacroDeck.csproj", "{119E86B4-9738-4684-AF88-CDBBF0315BBF}"
EndProject
Project("{9A19103F-16F7-4668-BE54-9A1E7A4F7556}") = "MacroDeck.Tests", "MacroDeck.Tests\MacroDeck.Tests.csproj", "{49F1CAC2-158D-45AC-B07C-52394B10A7E2}"
EndProject
Project("{2150E333-8FDC-42A3-9474-1A3956D46DE8}") = "workflows", "workflows", "{A87511C0-A46B-40E0-A47A-81AEE2097F5D}"
	ProjectSection(SolutionItems) = preProject
		.github\workflows\build-installer.yml = .github\workflows\build-installer.yml
		.github\workflows\tests.yml = .github\workflows\tests.yml
	EndProjectSection
EndProject
Project("{2150E333-8FDC-42A3-9474-1A3956D46DE8}") = "MacroDeck.Setup", "MacroDeck.Setup", "{8C1FC7A7-364F-4CE5-B59D-9A7EFC88CFDC}"
	ProjectSection(SolutionItems) = preProject
		MacroDeck.Setup\Macro Deck.iss = MacroDeck.Setup\Macro Deck.iss
	EndProjectSection
EndProject
Global
	GlobalSection(SolutionConfigurationPlatforms) = preSolution
		Debug|Any CPU = Debug|Any CPU
		Debug|x64 = Debug|x64
		Release|Any CPU = Release|Any CPU
		Release|x64 = Release|x64
	EndGlobalSection
	GlobalSection(ProjectConfigurationPlatforms) = postSolution
		{119E86B4-9738-4684-AF88-CDBBF0315BBF}.Debug|Any CPU.ActiveCfg = Debug|Any CPU
		{119E86B4-9738-4684-AF88-CDBBF0315BBF}.Debug|Any CPU.Build.0 = Debug|Any CPU
		{119E86B4-9738-4684-AF88-CDBBF0315BBF}.Debug|x64.ActiveCfg = Debug|x64
		{119E86B4-9738-4684-AF88-CDBBF0315BBF}.Debug|x64.Build.0 = Debug|x64
		{119E86B4-9738-4684-AF88-CDBBF0315BBF}.Release|Any CPU.ActiveCfg = Release|Any CPU
		{119E86B4-9738-4684-AF88-CDBBF0315BBF}.Release|Any CPU.Build.0 = Release|Any CPU
		{119E86B4-9738-4684-AF88-CDBBF0315BBF}.Release|x64.ActiveCfg = Release|x64
		{119E86B4-9738-4684-AF88-CDBBF0315BBF}.Release|x64.Build.0 = Release|x64
		{49F1CAC2-158D-45AC-B07C-52394B10A7E2}.Debug|Any CPU.ActiveCfg = Debug|Any CPU
		{49F1CAC2-158D-45AC-B07C-52394B10A7E2}.Debug|Any CPU.Build.0 = Debug|Any CPU
		{49F1CAC2-158D-45AC-B07C-52394B10A7E2}.Debug|x64.ActiveCfg = Debug|Any CPU
		{49F1CAC2-158D-45AC-B07C-52394B10A7E2}.Debug|x64.Build.0 = Debug|Any CPU
		{49F1CAC2-158D-45AC-B07C-52394B10A7E2}.Release|Any CPU.ActiveCfg = Release|Any CPU
		{49F1CAC2-158D-45AC-B07C-52394B10A7E2}.Release|Any CPU.Build.0 = Release|Any CPU
		{49F1CAC2-158D-45AC-B07C-52394B10A7E2}.Release|x64.ActiveCfg = Release|Any CPU
		{49F1CAC2-158D-45AC-B07C-52394B10A7E2}.Release|x64.Build.0 = Release|Any CPU
	EndGlobalSection
	GlobalSection(SolutionProperties) = preSolution
		HideSolutionNode = FALSE
	EndGlobalSection
	GlobalSection(ExtensibilityGlobals) = postSolution
		SolutionGuid = {2EB0C8AF-0FBE-4388-9537-9EC35DC349FD}
	EndGlobalSection
EndGlobal
